version = 1
requires-python = "==3.12.*"

[[package]]
name = "aoc24"
version = "0.1.0"
source = { virtual = "." }
dependencies = [
    { name = "networkx" },
    { name = "numba" },
    { name = "tqdm" },
]

[package.dev-dependencies]
dev = [
    { name = "ruff" },
]

[package.metadata]
requires-dist = [
    { name = "networkx", specifier = ">=3.4.2" },
    { name = "numba", specifier = ">=0.60.0" },
    { name = "tqdm", specifier = ">=4.67.1" },
]

[package.metadata.requires-dev]
dev = [{ name = "ruff", specifier = ">=0.8.2" }]

[[package]]
name = "colorama"
version = "0.4.6"
source = { registry = "https://pypi.org/simple" }
sdist = { url = "https://files.pythonhosted.org/packages/d8/53/6f443c9a4a8358a93a6792e2acffb9d9d5cb0a5cfd8802644b7b1c9a02e4/colorama-0.4.6.tar.gz", hash = "sha256:08695f5cb7ed6e0531a20572697297273c47b8cae5a63ffc6d6ed5c201be6e44", size = 27697 }
wheels = [
    { url = "https://files.pythonhosted.org/packages/d1/d6/3965ed04c63042e047cb6a3e6ed1a63a35087b6a609aa3a15ed8ac56c221/colorama-0.4.6-py2.py3-none-any.whl", hash = "sha256:4f1d9991f5acc0ca119f9d443620b77f9d6b33703e51011c16baf57afb285fc6", size = 25335 },
]

[[package]]
name = "llvmlite"
version = "0.43.0"
source = { registry = "https://pypi.org/simple" }
sdist = { url = "https://files.pythonhosted.org/packages/9f/3d/f513755f285db51ab363a53e898b85562e950f79a2e6767a364530c2f645/llvmlite-0.43.0.tar.gz", hash = "sha256:ae2b5b5c3ef67354824fb75517c8db5fbe93bc02cd9671f3c62271626bc041d5", size = 157069 }
wheels = [
    { url = "https://files.pythonhosted.org/packages/0b/67/9443509e5d2b6d8587bae3ede5598fa8bd586b1c7701696663ea8af15b5b/llvmlite-0.43.0-cp312-cp312-macosx_10_9_x86_64.whl", hash = "sha256:f99b600aa7f65235a5a05d0b9a9f31150c390f31261f2a0ba678e26823ec38f7", size = 31064409 },
    { url = "https://files.pythonhosted.org/packages/a2/9c/24139d3712d2d352e300c39c0e00d167472c08b3bd350c3c33d72c88ff8d/llvmlite-0.43.0-cp312-cp312-macosx_11_0_arm64.whl", hash = "sha256:35d80d61d0cda2d767f72de99450766250560399edc309da16937b93d3b676e7", size = 28793145 },
    { url = "https://files.pythonhosted.org/packages/bf/f1/4c205a48488e574ee9f6505d50e84370a978c90f08dab41a42d8f2c576b6/llvmlite-0.43.0-cp312-cp312-manylinux_2_17_aarch64.manylinux2014_aarch64.whl", hash = "sha256:eccce86bba940bae0d8d48ed925f21dbb813519169246e2ab292b5092aba121f", size = 42857276 },
    { url = "https://files.pythonhosted.org/packages/00/5f/323c4d56e8401c50185fd0e875fcf06b71bf825a863699be1eb10aa2a9cb/llvmlite-0.43.0-cp312-cp312-manylinux_2_17_x86_64.manylinux2014_x86_64.whl", hash = "sha256:df6509e1507ca0760787a199d19439cc887bfd82226f5af746d6977bd9f66844", size = 43871781 },
    { url = "https://files.pythonhosted.org/packages/c6/94/dea10e263655ce78d777e78d904903faae39d1fc440762be4a9dc46bed49/llvmlite-0.43.0-cp312-cp312-win_amd64.whl", hash = "sha256:7a2872ee80dcf6b5dbdc838763d26554c2a18aa833d31a2635bff16aafefb9c9", size = 28107442 },
]

[[package]]
name = "networkx"
version = "3.4.2"
source = { registry = "https://pypi.org/simple" }
sdist = { url = "https://files.pythonhosted.org/packages/fd/1d/06475e1cd5264c0b870ea2cc6fdb3e37177c1e565c43f56ff17a10e3937f/networkx-3.4.2.tar.gz", hash = "sha256:307c3669428c5362aab27c8a1260aa8f47c4e91d3891f48be0141738d8d053e1", size = 2151368 }
wheels = [
    { url = "https://files.pythonhosted.org/packages/b9/54/dd730b32ea14ea797530a4479b2ed46a6fb250f682a9cfb997e968bf0261/networkx-3.4.2-py3-none-any.whl", hash = "sha256:df5d4365b724cf81b8c6a7312509d0c22386097011ad1abe274afd5e9d3bbc5f", size = 1723263 },
]

[[package]]
name = "numba"
version = "0.60.0"
source = { registry = "https://pypi.org/simple" }
dependencies = [
    { name = "llvmlite" },
    { name = "numpy" },
]
sdist = { url = "https://files.pythonhosted.org/packages/3c/93/2849300a9184775ba274aba6f82f303343669b0592b7bb0849ea713dabb0/numba-0.60.0.tar.gz", hash = "sha256:5df6158e5584eece5fc83294b949fd30b9f1125df7708862205217e068aabf16", size = 2702171 }
wheels = [
    { url = "https://files.pythonhosted.org/packages/eb/5c/b5ec752c475e78a6c3676b67c514220dbde2725896bbb0b6ec6ea54b2738/numba-0.60.0-cp312-cp312-macosx_10_9_x86_64.whl", hash = "sha256:d7da4098db31182fc5ffe4bc42c6f24cd7d1cb8a14b59fd755bfee32e34b8404", size = 2647866 },
    { url = "https://files.pythonhosted.org/packages/65/42/39559664b2e7c15689a638c2a38b3b74c6e69a04e2b3019b9f7742479188/numba-0.60.0-cp312-cp312-macosx_11_0_arm64.whl", hash = "sha256:38d6ea4c1f56417076ecf8fc327c831ae793282e0ff51080c5094cb726507b1c", size = 2650208 },
    { url = "https://files.pythonhosted.org/packages/67/88/c4459ccc05674ef02119abf2888ccd3e2fed12a323f52255f4982fc95876/numba-0.60.0-cp312-cp312-manylinux2014_aarch64.manylinux_2_17_aarch64.whl", hash = "sha256:62908d29fb6a3229c242e981ca27e32a6e606cc253fc9e8faeb0e48760de241e", size = 3466946 },
    { url = "https://files.pythonhosted.org/packages/8b/41/ac11cf33524def12aa5bd698226ae196a1185831c05ed29dc0c56eaa308b/numba-0.60.0-cp312-cp312-manylinux2014_x86_64.manylinux_2_17_x86_64.whl", hash = "sha256:0ebaa91538e996f708f1ab30ef4d3ddc344b64b5227b67a57aa74f401bb68b9d", size = 3761463 },
    { url = "https://files.pythonhosted.org/packages/ca/bd/0fe29fcd1b6a8de479a4ed25c6e56470e467e3611c079d55869ceef2b6d1/numba-0.60.0-cp312-cp312-win_amd64.whl", hash = "sha256:f75262e8fe7fa96db1dca93d53a194a38c46da28b112b8a4aca168f0df860347", size = 2707588 },
]

[[package]]
name = "numpy"
version = "2.0.2"
source = { registry = "https://pypi.org/simple" }
sdist = { url = "https://files.pythonhosted.org/packages/a9/75/10dd1f8116a8b796cb2c737b674e02d02e80454bda953fa7e65d8c12b016/numpy-2.0.2.tar.gz", hash = "sha256:883c987dee1880e2a864ab0dc9892292582510604156762362d9326444636e78", size = 18902015 }
wheels = [
    { url = "https://files.pythonhosted.org/packages/45/40/2e117be60ec50d98fa08c2f8c48e09b3edea93cfcabd5a9ff6925d54b1c2/numpy-2.0.2-cp312-cp312-macosx_10_9_x86_64.whl", hash = "sha256:df55d490dea7934f330006d0f81e8551ba6010a5bf035a249ef61a94f21c500b", size = 20895803 },
    { url = "https://files.pythonhosted.org/packages/46/92/1b8b8dee833f53cef3e0a3f69b2374467789e0bb7399689582314df02651/numpy-2.0.2-cp312-cp312-macosx_11_0_arm64.whl", hash = "sha256:8df823f570d9adf0978347d1f926b2a867d5608f434a7cff7f7908c6570dcf5e", size = 13471835 },
    { url = "https://files.pythonhosted.org/packages/7f/19/e2793bde475f1edaea6945be141aef6c8b4c669b90c90a300a8954d08f0a/numpy-2.0.2-cp312-cp312-macosx_14_0_arm64.whl", hash = "sha256:9a92ae5c14811e390f3767053ff54eaee3bf84576d99a2456391401323f4ec2c", size = 5038499 },
    { url = "https://files.pythonhosted.org/packages/e3/ff/ddf6dac2ff0dd50a7327bcdba45cb0264d0e96bb44d33324853f781a8f3c/numpy-2.0.2-cp312-cp312-macosx_14_0_x86_64.whl", hash = "sha256:a842d573724391493a97a62ebbb8e731f8a5dcc5d285dfc99141ca15a3302d0c", size = 6633497 },
    { url = "https://files.pythonhosted.org/packages/72/21/67f36eac8e2d2cd652a2e69595a54128297cdcb1ff3931cfc87838874bd4/numpy-2.0.2-cp312-cp312-manylinux_2_17_aarch64.manylinux2014_aarch64.whl", hash = "sha256:c05e238064fc0610c840d1cf6a13bf63d7e391717d247f1bf0318172e759e692", size = 13621158 },
    { url = "https://files.pythonhosted.org/packages/39/68/e9f1126d757653496dbc096cb429014347a36b228f5a991dae2c6b6cfd40/numpy-2.0.2-cp312-cp312-manylinux_2_17_x86_64.manylinux2014_x86_64.whl", hash = "sha256:0123ffdaa88fa4ab64835dcbde75dcdf89c453c922f18dced6e27c90d1d0ec5a", size = 19236173 },
    { url = "https://files.pythonhosted.org/packages/d1/e9/1f5333281e4ebf483ba1c888b1d61ba7e78d7e910fdd8e6499667041cc35/numpy-2.0.2-cp312-cp312-musllinux_1_1_x86_64.whl", hash = "sha256:96a55f64139912d61de9137f11bf39a55ec8faec288c75a54f93dfd39f7eb40c", size = 19634174 },
    { url = "https://files.pythonhosted.org/packages/71/af/a469674070c8d8408384e3012e064299f7a2de540738a8e414dcfd639996/numpy-2.0.2-cp312-cp312-musllinux_1_2_aarch64.whl", hash = "sha256:ec9852fb39354b5a45a80bdab5ac02dd02b15f44b3804e9f00c556bf24b4bded", size = 14099701 },
    { url = "https://files.pythonhosted.org/packages/d0/3d/08ea9f239d0e0e939b6ca52ad403c84a2bce1bde301a8eb4888c1c1543f1/numpy-2.0.2-cp312-cp312-win32.whl", hash = "sha256:671bec6496f83202ed2d3c8fdc486a8fc86942f2e69ff0e986140339a63bcbe5", size = 6174313 },
    { url = "https://files.pythonhosted.org/packages/b2/b5/4ac39baebf1fdb2e72585c8352c56d063b6126be9fc95bd2bb5ef5770c20/numpy-2.0.2-cp312-cp312-win_amd64.whl", hash = "sha256:cfd41e13fdc257aa5778496b8caa5e856dc4896d4ccf01841daee1d96465467a", size = 15606179 },
]

[[package]]
name = "ruff"
version = "0.8.2"
source = { registry = "https://pypi.org/simple" }
sdist = { url = "https://files.pythonhosted.org/packages/5e/2b/01245f4f3a727d60bebeacd7ee6d22586c7f62380a2597ddb22c2f45d018/ruff-0.8.2.tar.gz", hash = "sha256:b84f4f414dda8ac7f75075c1fa0b905ac0ff25361f42e6d5da681a465e0f78e5", size = 3349020 }
wheels = [
    { url = "https://files.pythonhosted.org/packages/91/29/366be70216dba1731a00a41f2f030822b0c96c7c4f3b2c0cdce15cbace74/ruff-0.8.2-py3-none-linux_armv6l.whl", hash = "sha256:c49ab4da37e7c457105aadfd2725e24305ff9bc908487a9bf8d548c6dad8bb3d", size = 10530649 },
    { url = "https://files.pythonhosted.org/packages/63/82/a733956540bb388f00df5a3e6a02467b16c0e529132625fe44ce4c5fb9c7/ruff-0.8.2-py3-none-macosx_10_12_x86_64.whl", hash = "sha256:ec016beb69ac16be416c435828be702ee694c0d722505f9c1f35e1b9c0cc1bf5", size = 10274069 },
    { url = "https://files.pythonhosted.org/packages/3d/12/0b3aa14d1d71546c988a28e1b412981c1b80c8a1072e977a2f30c595cc4a/ruff-0.8.2-py3-none-macosx_11_0_arm64.whl", hash = "sha256:f05cdf8d050b30e2ba55c9b09330b51f9f97d36d4673213679b965d25a785f3c", size = 9909400 },
    { url = "https://files.pythonhosted.org/packages/23/08/f9f08cefb7921784c891c4151cce6ed357ff49e84b84978440cffbc87408/ruff-0.8.2-py3-none-manylinux_2_17_aarch64.manylinux2014_aarch64.whl", hash = "sha256:60f578c11feb1d3d257b2fb043ddb47501ab4816e7e221fbb0077f0d5d4e7b6f", size = 10766782 },
    { url = "https://files.pythonhosted.org/packages/e4/71/bf50c321ec179aa420c8ec40adac5ae9cc408d4d37283a485b19a2331ceb/ruff-0.8.2-py3-none-manylinux_2_17_armv7l.manylinux2014_armv7l.whl", hash = "sha256:cbd5cf9b0ae8f30eebc7b360171bd50f59ab29d39f06a670b3e4501a36ba5897", size = 10286316 },
    { url = "https://files.pythonhosted.org/packages/f2/83/c82688a2a6117539aea0ce63fdf6c08e60fe0202779361223bcd7f40bd74/ruff-0.8.2-py3-none-manylinux_2_17_i686.manylinux2014_i686.whl", hash = "sha256:b402ddee3d777683de60ff76da801fa7e5e8a71038f57ee53e903afbcefdaa58", size = 11338270 },
    { url = "https://files.pythonhosted.org/packages/7f/d7/bc6a45e5a22e627640388e703160afb1d77c572b1d0fda8b4349f334fc66/ruff-0.8.2-py3-none-manylinux_2_17_ppc64.manylinux2014_ppc64.whl", hash = "sha256:705832cd7d85605cb7858d8a13d75993c8f3ef1397b0831289109e953d833d29", size = 12058579 },
    { url = "https://files.pythonhosted.org/packages/da/3b/64150c93946ec851e6f1707ff586bb460ca671581380c919698d6a9267dc/ruff-0.8.2-py3-none-manylinux_2_17_ppc64le.manylinux2014_ppc64le.whl", hash = "sha256:32096b41aaf7a5cc095fa45b4167b890e4c8d3fd217603f3634c92a541de7248", size = 11615172 },
    { url = "https://files.pythonhosted.org/packages/e4/9e/cf12b697ea83cfe92ec4509ae414dc4c9b38179cc681a497031f0d0d9a8e/ruff-0.8.2-py3-none-manylinux_2_17_s390x.manylinux2014_s390x.whl", hash = "sha256:e769083da9439508833cfc7c23e351e1809e67f47c50248250ce1ac52c21fb93", size = 12882398 },
    { url = "https://files.pythonhosted.org/packages/a9/27/96d10863accf76a9c97baceac30b0a52d917eb985a8ac058bd4636aeede0/ruff-0.8.2-py3-none-manylinux_2_17_x86_64.manylinux2014_x86_64.whl", hash = "sha256:5fe716592ae8a376c2673fdfc1f5c0c193a6d0411f90a496863c99cd9e2ae25d", size = 11176094 },
    { url = "https://files.pythonhosted.org/packages/eb/10/cd2fd77d4a4e7f03c29351be0f53278a393186b540b99df68beb5304fddd/ruff-0.8.2-py3-none-musllinux_1_2_aarch64.whl", hash = "sha256:81c148825277e737493242b44c5388a300584d73d5774defa9245aaef55448b0", size = 10771884 },
    { url = "https://files.pythonhosted.org/packages/71/5d/beabb2ff18870fc4add05fa3a69a4cb1b1d2d6f83f3cf3ae5ab0d52f455d/ruff-0.8.2-py3-none-musllinux_1_2_armv7l.whl", hash = "sha256:d261d7850c8367704874847d95febc698a950bf061c9475d4a8b7689adc4f7fa", size = 10382535 },
    { url = "https://files.pythonhosted.org/packages/ae/29/6b3fdf3ad3e35b28d87c25a9ff4c8222ad72485ab783936b2b267250d7a7/ruff-0.8.2-py3-none-musllinux_1_2_i686.whl", hash = "sha256:1ca4e3a87496dc07d2427b7dd7ffa88a1e597c28dad65ae6433ecb9f2e4f022f", size = 10886995 },
    { url = "https://files.pythonhosted.org/packages/e9/dc/859d889b4d9356a1a2cdbc1e4a0dda94052bc5b5300098647e51a58c430b/ruff-0.8.2-py3-none-musllinux_1_2_x86_64.whl", hash = "sha256:729850feed82ef2440aa27946ab39c18cb4a8889c1128a6d589ffa028ddcfc22", size = 11220750 },
    { url = "https://files.pythonhosted.org/packages/0b/08/e8f519f61f1d624264bfd6b8829e4c5f31c3c61193bc3cff1f19dbe7626a/ruff-0.8.2-py3-none-win32.whl", hash = "sha256:ac42caaa0411d6a7d9594363294416e0e48fc1279e1b0e948391695db2b3d5b1", size = 8729396 },
    { url = "https://files.pythonhosted.org/packages/f8/d4/ba1c7ab72aba37a2b71fe48ab95b80546dbad7a7f35ea28cf66fc5cea5f6/ruff-0.8.2-py3-none-win_amd64.whl", hash = "sha256:2aae99ec70abf43372612a838d97bfe77d45146254568d94926e8ed5bbb409ea", size = 9594729 },
    { url = "https://files.pythonhosted.org/packages/23/34/db20e12d3db11b8a2a8874258f0f6d96a9a4d631659d54575840557164c8/ruff-0.8.2-py3-none-win_arm64.whl", hash = "sha256:fb88e2a506b70cfbc2de6fae6681c4f944f7dd5f2fe87233a7233d888bad73e8", size = 9035131 },
]

[[package]]
name = "tqdm"
version = "4.67.1"
source = { registry = "https://pypi.org/simple" }
dependencies = [
    { name = "colorama", marker = "platform_system == 'Windows'" },
]
sdist = { url = "https://files.pythonhosted.org/packages/a8/4b/29b4ef32e036bb34e4ab51796dd745cdba7ed47ad142a9f4a1eb8e0c744d/tqdm-4.67.1.tar.gz", hash = "sha256:f8aef9c52c08c13a65f30ea34f4e5aac3fd1a34959879d7e59e63027286627f2", size = 169737 }
wheels = [
    { url = "https://files.pythonhosted.org/packages/d0/30/dc54f88dd4a2b5dc8a0279bdd7270e735851848b762aeb1c1184ed1f6b14/tqdm-4.67.1-py3-none-any.whl", hash = "sha256:26445eca388f82e72884e0d580d5464cd801a3ea01e63e5601bdff9ba6a48de2", size = 78540 },
]
